
Microsoft Visual Studio Solution File, Format Version 12.00
# Visual Studio Version 17
VisualStudioVersion = 17.6.33723.286
MinimumVisualStudioVersion = 10.0.40219.1
Project("{FAE04EC0-301F-11D3-BF4B-00C04F79EFBC}") = "APICrud", "APICrud\APICrud.csproj", "{7F4FF4CC-3FE8-4C08-8CFB-92FB3CB89291}"
EndProject
Global
	GlobalSection(SolutionConfigurationPlatforms) = preSolution
		Debug|Any CPU = Debug|Any CPU
		Release|Any CPU = Release|Any CPU
	EndGlobalSection
	GlobalSection(ProjectConfigurationPlatforms) = postSolution
		{7F4FF4CC-3FE8-4C08-8CFB-92FB3CB89291}.Debug|Any CPU.ActiveCfg = Debug|Any CPU
		{7F4FF4CC-3FE8-4C08-8CFB-92FB3CB89291}.Debug|Any CPU.Build.0 = Debug|Any CPU
		{7F4FF4CC-3FE8-4C08-8CFB-92FB3CB89291}.Release|Any CPU.ActiveCfg = Release|Any CPU
		{7F4FF4CC-3FE8-4C08-8CFB-92FB3CB89291}.Release|Any CPU.Build.0 = Release|Any CPU
	EndGlobalSection
	GlobalSection(SolutionProperties) = preSolution
		HideSolutionNode = FALSE
	EndGlobalSection
	GlobalSection(ExtensibilityGlobals) = postSolution
		SolutionGuid = {2FFA758A-94D2-4BA9-A4B6-6EB412B327B9}
	EndGlobalSection
EndGlobal
